
Microsoft Visual Studio Solution File, Format Version 12.00
# Visual Studio Version 16
VisualStudioVersion = 16.0.31829.152
MinimumVisualStudioVersion = 10.0.40219.1
Project("{FAE04EC0-301F-11D3-BF4B-00C04F79EFBC}") = "CIW", "CIW\CIW.csproj", "{62A78D71-455C-42C3-918E-AF8433E6E6D5}"
EndProject
Global
	GlobalSection(SolutionConfigurationPlatforms) = preSolution
		Debug|Any CPU = Debug|Any CPU
		Release|Any CPU = Release|Any CPU
	EndGlobalSection
	GlobalSection(ProjectConfigurationPlatforms) = postSolution
		{62A78D71-455C-42C3-918E-AF8433E6E6D5}.Debug|Any CPU.ActiveCfg = Debug|Any CPU
		{62A78D71-455C-42C3-918E-AF8433E6E6D5}.Debug|Any CPU.Build.0 = Debug|Any CPU
		{62A78D71-455C-42C3-918E-AF8433E6E6D5}.Release|Any CPU.ActiveCfg = Release|Any CPU
		{62A78D71-455C-42C3-918E-AF8433E6E6D5}.Release|Any CPU.Build.0 = Release|Any CPU
	EndGlobalSection
	GlobalSection(SolutionProperties) = preSolution
		HideSolutionNode = FALSE
	EndGlobalSection
	GlobalSection(ExtensibilityGlobals) = postSolution
		SolutionGuid = {90CCE7DD-9791-4559-8FEB-CC9273DD0F51}
	EndGlobalSection
EndGlobal
